// !$*UTF8*$!
{
	archiveVersion = 1;
	classes = {
	};
	objectVersion = 46;
	objects = {

/* Begin PBXBuildFile section */
		EFF132AB1C0952A1004325E7 /* main.m in Sources */ = {isa = PBXBuildFile; fileRef = EFF132AA1C0952A1004325E7 /* main.m */; };
		EFF132AE1C0952A1004325E7 /* AppDelegate.m in Sources */ = {isa = PBXBuildFile; fileRef = EFF132AD1C0952A1004325E7 /* AppDelegate.m */; };
		EFF132B11C0952A1004325E7 /* ViewController.m in Sources */ = {isa = PBXBuildFile; fileRef = EFF132B01C0952A1004325E7 /* ViewController.m */; };
		EFF132B41C0952A1004325E7 /* Main.storyboard in Resources */ = {isa = PBXBuildFile; fileRef = EFF132B21C0952A1004325E7 /* Main.storyboard */; };
		EFF132B61C0952A1004325E7 /* Assets.xcassets in Resources */ = {isa = PBXBuildFile; fileRef = EFF132B51C0952A1004325E7 /* Assets.xcassets */; };
		EFF132B91C0952A1004325E7 /* LaunchScreen.storyboard in Resources */ = {isa = PBXBuildFile; fileRef = EFF132B71C0952A1004325E7 /* LaunchScreen.storyboard */; };
/* End PBXBuildFile section */

/* Begin PBXFileReference section */
		EFF132A61C0952A1004325E7 /* QuickKYC.app */ = {isa = PBXFileReference; explicitFileType = wrapper.application; includeInIndex = 0; path = QuickKYC.app; sourceTree = BUILT_PRODUCTS_DIR; };
		EFF132AA1C0952A1004325E7 /* main.m */ = {isa = PBXFileReference; lastKnownFileType = sourcecode.c.objc; path = main.m; sourceTree = "<group>"; };
		EFF132AC1C0952A1004325E7 /* AppDelegate.h */ = {isa = PBXFileReference; lastKnownFileType = sourcecode.c.h; path = AppDelegate.h; sourceTree = "<group>"; };
		EFF132AD1C0952A1004325E7 /* AppDelegate.m */ = {isa = PBXFileReference; lastKnownFileType = sourcecode.c.objc; path = AppDelegate.m; sourceTree = "<group>"; };
		EFF132AF1C0952A1004325E7 /* ViewController.h */ = {isa = PBXFileReference; lastKnownFileType = sourcecode.c.h; path = ViewController.h; sourceTree = "<group>"; };
		EFF132B01C0952A1004325E7 /* ViewController.m */ = {isa = PBXFileReference; lastKnownFileType = sourcecode.c.objc; path = ViewController.m; sourceTree = "<group>"; };
		EFF132B31C0952A1004325E7 /* Base */ = {isa = PBXFileReference; lastKnownFileType = file.storyboard; name = Base; path = Base.lproj/Main.storyboard; sourceTree = "<group>"; };
		EFF132B51C0952A1004325E7 /* Assets.xcassets */ = {isa = PBXFileReference; lastKnownFileType = folder.assetcatalog; path = Assets.xcassets; sourceTree = "<group>"; };
		EFF132B81C0952A1004325E7 /* Base */ = {isa = PBXFileReference; lastKnownFileType = file.storyboard; name = Base; path = Base.lproj/LaunchScreen.storyboard; sourceTree = "<group>"; };
		EFF132BA1C0952A1004325E7 /* Info.plist */ = {isa = PBXFileReference; lastKnownFileType = text.plist.xml; path = Info.plist; sourceTree = "<group>"; };
/* End PBXFileReference section */

/* Begin PBXFrameworksBuildPhase section */
		EFF132A31C0952A1004325E7 /* Frameworks */ = {
			isa = PBXFrameworksBuildPhase;
			buildActionMask = 2147483647;
			files = (
			);
			runOnlyForDeploymentPostprocessing = 0;
		};
/* End PBXFrameworksBuildPhase section */

/* Begin PBXGroup section */
		EFF1329D1C0952A1004325E7 = {
			isa = PBXGroup;
			children = (
				EFF132A81C0952A1004325E7 /* QuickKYC */,
				EFF132A71C0952A1004325E7 /* Products */,
			);
			sourceTree = "<group>";
		};
		EFF132A71C0952A1004325E7 /* Products */ = {
			isa = PBXGroup;
			children = (
				EFF132A61C0952A1004325E7 /* QuickKYC.app */,
			);
			name = Products;
			sourceTree = "<group>";
		};
		EFF132A81C0952A1004325E7 /* QuickKYC */ = {
			isa = PBXGroup;
			children = (
				EFF132AC1C0952A1004325E7 /* AppDelegate.h */,
				EFF132AD1C0952A1004325E7 /* AppDelegate.m */,
				EFF132AF1C0952A1004325E7 /* ViewController.h */,
				EFF132B01C0952A1004325E7 /* ViewController.m */,
				EFF132B21C0952A1004325E7 /* Main.storyboard */,
				EFF132B51C0952A1004325E7 /* Assets.xcassets */,
				EFF132B71C0952A1004325E7 /* LaunchScreen.storyboard */,
				EFF132BA1C0952A1004325E7 /* Info.plist */,
				EFF132A91C0952A1004325E7 /* Supporting Files */,
			);
			path = QuickKYC;
			sourceTree = "<group>";
		};
		EFF132A91C0952A1004325E7 /* Supporting Files */ = {
			isa = PBXGroup;
			children = (
				EFF132AA1C0952A1004325E7 /* main.m */,
			);
			name = "Supporting Files";
			sourceTree = "<group>";
		};
/* End PBXGroup section */

/* Begin PBXNativeTarget section */
		EFF132A51C0952A1004325E7 /* QuickKYC */ = {
			isa = PBXNativeTarget;
			buildConfigurationList = EFF132BD1C0952A1004325E7 /* Build configuration list for PBXNativeTarget "QuickKYC" */;
			buildPhases = (
				EFF132A21C0952A1004325E7 /* Sources */,
				EFF132A31C0952A1004325E7 /* Frameworks */,
				EFF132A41C0952A1004325E7 /* Resources */,
			);
			buildRules = (
			);
			dependencies = (
			);
			name = QuickKYC;
			productName = QuickKYC;
			productReference = EFF132A61C0952A1004325E7 /* QuickKYC.app */;
			productType = "com.apple.product-type.application";
		};
/* End PBXNativeTarget section */

/* Begin PBXProject section */
		EFF1329E1C0952A1004325E7 /* Project object */ = {
			isa = PBXProject;
			attributes = {
				LastUpgradeCheck = 0710;
				ORGANIZATIONNAME = "Teligenz Tech Solutions";
				TargetAttributes = {
					EFF132A51C0952A1004325E7 = {
						CreatedOnToolsVersion = 7.1.1;
					};
				};
			};
			buildConfigurationList = EFF132A11C0952A1004325E7 /* Build configuration list for PBXProject "QuickKYC" */;
			compatibilityVersion = "Xcode 3.2";
			developmentRegion = English;
			hasScannedForEncodings = 0;
			knownRegions = (
				en,
				Base,
			);
			mainGroup = EFF1329D1C0952A1004325E7;
			productRefGroup = EFF132A71C0952A1004325E7 /* Products */;
			projectDirPath = "";
			projectRoot = "";
			targets = (
				EFF132A51C0952A1004325E7 /* QuickKYC */,
			);
		};
/* End PBXProject section */

/* Begin PBXResourcesBuildPhase section */
		EFF132A41C0952A1004325E7 /* Resources */ = {
			isa = PBXResourcesBuildPhase;
			buildActionMask = 2147483647;
			files = (
				EFF132B91C0952A1004325E7 /* LaunchScreen.storyboard in Resources */,
				EFF132B61C0952A1004325E7 /* Assets.xcassets in Resources */,
				EFF132B41C0952A1004325E7 /* Main.storyboard in Resources */,
			);
			runOnlyForDeploymentPostprocessing = 0;
		};
/* End PBXResourcesBuildPhase section */

/* Begin PBXSourcesBuildPhase section */
		EFF132A21C0952A1004325E7 /* Sources */ = {
			isa = PBXSourcesBuildPhase;
			buildActionMask = 2147483647;
			files = (
				EFF132B11C0952A1004325E7 /* ViewController.m in Sources */,
				EFF132AE1C0952A1004325E7 /* AppDelegate.m in Sources */,
				EFF132AB1C0952A1004325E7 /* main.m in Sources */,
			);
			runOnlyForDeploymentPostprocessing = 0;
		};
/* End PBXSourcesBuildPhase section */

/* Begin PBXVariantGroup section */
		EFF132B21C0952A1004325E7 /* Main.storyboard */ = {
			isa = PBXVariantGroup;
			children = (
				EFF132B31C0952A1004325E7 /* Base */,
			);
			name = Main.storyboard;
			sourceTree = "<group>";
		};
		EFF132B71C0952A1004325E7 /* LaunchScreen.storyboard */ = {
			isa = PBXVariantGroup;
			children = (
				EFF132B81C0952A1004325E7 /* Base */,
			);
			name = LaunchScreen.storyboard;
			sourceTree = "<group>";
		};
/* End PBXVariantGroup section */

/* Begin XCBuildConfiguration section */
		EFF132BB1C0952A1004325E7 /* Debug */ = {
			isa = XCBuildConfiguration;
			buildSettings = {
				ALWAYS_SEARCH_USER_PATHS = NO;
				CLANG_CXX_LANGUAGE_STANDARD = "gnu++0x";
				CLANG_CXX_LIBRARY = "libc++";
				CLANG_ENABLE_MODULES = YES;
				CLANG_ENABLE_OBJC_ARC = YES;
				CLANG_WARN_BOOL_CONVERSION = YES;
				CLANG_WARN_CONSTANT_CONVERSION = YES;
				CLANG_WARN_DIRECT_OBJC_ISA_USAGE = YES_ERROR;
				CLANG_WARN_EMPTY_BODY = YES;
				CLANG_WARN_ENUM_CONVERSION = YES;
				CLANG_WARN_INT_CONVERSION = YES;
				CLANG_WARN_OBJC_ROOT_CLASS = YES_ERROR;
				CLANG_WARN_UNREACHABLE_CODE = YES;
				CLANG_WARN__DUPLICATE_METHOD_MATCH = YES;
				"CODE_SIGN_IDENTITY[sdk=iphoneos*]" = "iPhone Developer";
				COPY_PHASE_STRIP = NO;
				DEBUG_INFORMATION_FORMAT = dwarf;
				ENABLE_STRICT_OBJC_MSGSEND = YES;
				ENABLE_TESTABILITY = YES;
				GCC_C_LANGUAGE_STANDARD = gnu99;
				GCC_DYNAMIC_NO_PIC = NO;
				GCC_NO_COMMON_BLOCKS = YES;
				GCC_OPTIMIZATION_LEVEL = 0;
				GCC_PREPROCESSOR_DEFINITIONS = (
					"DEBUG=1",
					"$(inherited)",
				);
				GCC_WARN_64_TO_32_BIT_CONVERSION = YES;
				GCC_WARN_ABOUT_RETURN_TYPE = YES_ERROR;
				GCC_WARN_UNDECLARED_SELECTOR = YES;
				GCC_WARN_UNINITIALIZED_AUTOS = YES_AGGRESSIVE;
				GCC_WARN_UNUSED_FUNCTION = YES;
				GCC_WARN_UNUSED_VARIABLE = YES;
				IPHONEOS_DEPLOYMENT_TARGET = 9.1;
				MTL_ENABLE_DEBUG_INFO = YES;
				ONLY_ACTIVE_ARCH = YES;
				SDKROOT = iphoneos;
			};
			name = Debug;
		};
		EFF132BC1C0952A1004325E7 /* Release */ = {
			isa = XCBuildConfiguration;
			buildSettings = {
				ALWAYS_SEARCH_USER_PATHS = NO;
				CLANG_CXX_LANGUAGE_STANDARD = "gnu++0x";
				CLANG_CXX_LIBRARY = "libc++";
				CLANG_ENABLE_MODULES = YES;
				CLANG_ENABLE_OBJC_ARC = YES;
				CLANG_WARN_BOOL_CONVERSION = YES;
				CLANG_WARN_CONSTANT_CONVERSION = YES;
				CLANG_WARN_DIRECT_OBJC_ISA_USAGE = YES_ERROR;
				CLANG_WARN_EMPTY_BODY = YES;
				CLANG_WARN_ENUM_CONVERSION = YES;
				CLANG_WARN_INT_CONVERSION = YES;
				CLANG_WARN_OBJC_ROOT_CLASS = YES_ERROR;
				CLANG_WARN_UNREACHABLE_CODE = YES;
				CLANG_WARN__DUPLICATE_METHOD_MATCH = YES;
				"CODE_SIGN_IDENTITY[sdk=iphoneos*]" = "iPhone Developer";
				COPY_PHASE_STRIP = NO;
				DEBUG_INFORMATION_FORMAT = "dwarf-with-dsym";
				ENABLE_NS_ASSERTIONS = NO;
				ENABLE_STRICT_OBJC_MSGSEND = YES;
				GCC_C_LANGUAGE_STANDARD = gnu99;
				GCC_NO_COMMON_BLOCKS = YES;
				GCC_WARN_64_TO_32_BIT_CONVERSION = YES;
				GCC_WARN_ABOUT_RETURN_TYPE = YES_ERROR;
				GCC_WARN_UNDECLARED_SELECTOR = YES;
				GCC_WARN_UNINITIALIZED_AUTOS = YES_AGGRESSIVE;
				GCC_WARN_UNUSED_FUNCTION = YES;
				GCC_WARN_UNUSED_VARIABLE = YES;
				IPHONEOS_DEPLOYMENT_TARGET = 9.1;
				MTL_ENABLE_DEBUG_INFO = NO;
				SDKROOT = iphoneos;
				VALIDATE_PRODUCT = YES;
			};
			name = Release;
		};
		EFF132BE1C0952A1004325E7 /* Debug */ = {
			isa = XCBuildConfiguration;
			buildSettings = {
				ASSETCATALOG_COMPILER_APPICON_NAME = AppIcon;
				INFOPLIST_FILE = QuickKYC/Info.plist;
				IPHONEOS_DEPLOYMENT_TARGET = 8.1;
				LD_RUNPATH_SEARCH_PATHS = "$(inherited) @executable_path/Frameworks";
				PRODUCT_BUNDLE_IDENTIFIER = tts.ios.QuickKYC;
				PRODUCT_NAME = "$(TARGET_NAME)";
			};
			name = Debug;
		};
		EFF132BF1C0952A1004325E7 /* Release */ = {
			isa = XCBuildConfiguration;
			buildSettings = {
				ASSETCATALOG_COMPILER_APPICON_NAME = AppIcon;
				INFOPLIST_FILE = QuickKYC/Info.plist;
				IPHONEOS_DEPLOYMENT_TARGET = 8.1;
				LD_RUNPATH_SEARCH_PATHS = "$(inherited) @executable_path/Frameworks";
				PRODUCT_BUNDLE_IDENTIFIER = tts.ios.QuickKYC;
				PRODUCT_NAME = "$(TARGET_NAME)";
			};
			name = Release;
		};
/* End XCBuildConfiguration section */

/* Begin XCConfigurationList section */
		EFF132A11C0952A1004325E7 /* Build configuration list for PBXProject "QuickKYC" */ = {
			isa = XCConfigurationList;
			buildConfigurations = (
				EFF132BB1C0952A1004325E7 /* Debug */,
				EFF132BC1C0952A1004325E7 /* Release */,
			);
			defaultConfigurationIsVisible = 0;
			defaultConfigurationName = Release;
		};
		EFF132BD1C0952A1004325E7 /* Build configuration list for PBXNativeTarget "QuickKYC" */ = {
			isa = XCConfigurationList;
			buildConfigurations = (
				EFF132BE1C0952A1004325E7 /* Debug */,
				EFF132BF1C0952A1004325E7 /* Release */,
			);
			defaultConfigurationIsVisible = 0;
			defaultConfigurationName = Release;
		};
/* End XCConfigurationList section */
	};
	rootObject = EFF1329E1C0952A1004325E7 /* Project object */;
}
