// !$*UTF8*$!
{
	archiveVersion = 1;
	classes = {
	};
	objectVersion = 46;
	objects = {

/* Begin PBXBuildFile section */
		EFF132AB1C0952A1004325E7 /* main.m in Sources */ = {isa = PBXBuildFile; fileRef = EFF132AA1C0952A1004325E7 /* main.m */; };
		EFF132AE1C0952A1004325E7 /* AppDelegate.m in Sources */ = {isa = PBXBuildFile; fileRef = EFF132AD1C0952A1004325E7 /* AppDelegate.m */; };
		EFF132B11C0952A1004325E7 /* ViewController.m in Sources */ = {isa = PBXBuildFile; fileRef = EFF132B01C0952A1004325E7 /* ViewController.m */; };
		EFF132B41C0952A1004325E7 /* Main.storyboard in Resources */ = {isa = PBXBuildFile; fileRef = EFF132B21C0952A1004325E7 /* Main.storyboard */; };
		EFF132B61C0952A1004325E7 /* Assets.xcassets in Resources */ = {isa = PBXBuildFile; fileRef = EFF132B51C0952A1004325E7 /* Assets.xcassets */; };
		EFF132B91C0952A1004325E7 /* LaunchScreen.storyboard in Resources */ = {isa = PBXBuildFile; fileRef = EFF132B71C0952A1004325E7 /* LaunchScreen.storyboard */; };
		EFF132DD1C098789004325E7 /* QRCameraSwitchButton.m in Sources */ = {isa = PBXBuildFile; fileRef = EFF132D31C098789004325E7 /* QRCameraSwitchButton.m */; };
		EFF132DE1C098789004325E7 /* QRCodeReader.m in Sources */ = {isa = PBXBuildFile; fileRef = EFF132D51C098789004325E7 /* QRCodeReader.m */; };
		EFF132DF1C098789004325E7 /* QRCodeReaderView.m in Sources */ = {isa = PBXBuildFile; fileRef = EFF132D81C098789004325E7 /* QRCodeReaderView.m */; };
		EFF132E01C098789004325E7 /* QRCodeReaderViewController.m in Sources */ = {isa = PBXBuildFile; fileRef = EFF132DA1C098789004325E7 /* QRCodeReaderViewController.m */; };
		EFF132E11C098789004325E7 /* QRToggleTorchButton.m in Sources */ = {isa = PBXBuildFile; fileRef = EFF132DC1C098789004325E7 /* QRToggleTorchButton.m */; };
		EFF132E31C0987B6004325E7 /* Profiles.plist in Resources */ = {isa = PBXBuildFile; fileRef = EFF132E21C0987B6004325E7 /* Profiles.plist */; };
		EFF132E61C0998EC004325E7 /* CategoryViewController.m in Sources */ = {isa = PBXBuildFile; fileRef = EFF132E51C0998EC004325E7 /* CategoryViewController.m */; };
		EFF132E91C099E0E004325E7 /* SwitchTableCell.m in Sources */ = {isa = PBXBuildFile; fileRef = EFF132E81C099E0E004325E7 /* SwitchTableCell.m */; };
		EFF132EB1C09A1B6004325E7 /* AllFields.plist_old in Resources */ = {isa = PBXBuildFile; fileRef = EFF132EA1C09A1B6004325E7 /* AllFields.plist_old */; };
		EFF132EE1C09B700004325E7 /* AllFields.m in Sources */ = {isa = PBXBuildFile; fileRef = EFF132ED1C09B700004325E7 /* AllFields.m */; };
		EFF132F51C09DE87004325E7 /* FormViewController.m in Sources */ = {isa = PBXBuildFile; fileRef = EFF132F41C09DE87004325E7 /* FormViewController.m */; };
		EFF132F81C09E3F1004325E7 /* Profiles.m in Sources */ = {isa = PBXBuildFile; fileRef = EFF132F71C09E3F1004325E7 /* Profiles.m */; };
		EFF132FB1C09EAFB004325E7 /* TextTableCell.m in Sources */ = {isa = PBXBuildFile; fileRef = EFF132FA1C09EAFB004325E7 /* TextTableCell.m */; };
		EFF132FE1C09EB24004325E7 /* DropDownCell.m in Sources */ = {isa = PBXBuildFile; fileRef = EFF132FD1C09EB24004325E7 /* DropDownCell.m */; };
		EFF133021C09EC62004325E7 /* QKViewController.m in Sources */ = {isa = PBXBuildFile; fileRef = EFF133011C09EC62004325E7 /* QKViewController.m */; };
		EFF133051C09F07E004325E7 /* CustomCell.m in Sources */ = {isa = PBXBuildFile; fileRef = EFF133041C09F07E004325E7 /* CustomCell.m */; };
		EFF1330A1C0A25B3004325E7 /* TableView.m in Sources */ = {isa = PBXBuildFile; fileRef = EFF133091C0A25B3004325E7 /* TableView.m */; };
		EFF1330D1C0A2A1A004325E7 /* KLCPopup.m in Sources */ = {isa = PBXBuildFile; fileRef = EFF1330C1C0A2A1A004325E7 /* KLCPopup.m */; };
		EFF133101C0A8CED004325E7 /* AllFields.plist in Resources */ = {isa = PBXBuildFile; fileRef = EFF1330F1C0A8CED004325E7 /* AllFields.plist */; };
		EFF133131C0A9F41004325E7 /* Request.m in Sources */ = {isa = PBXBuildFile; fileRef = EFF133121C0A9F41004325E7 /* Request.m */; };
/* End PBXBuildFile section */

/* Begin PBXFileReference section */
		EFF132A61C0952A1004325E7 /* QuickKYC.app */ = {isa = PBXFileReference; explicitFileType = wrapper.application; includeInIndex = 0; path = QuickKYC.app; sourceTree = BUILT_PRODUCTS_DIR; };
		EFF132AA1C0952A1004325E7 /* main.m */ = {isa = PBXFileReference; lastKnownFileType = sourcecode.c.objc; path = main.m; sourceTree = "<group>"; };
		EFF132AC1C0952A1004325E7 /* AppDelegate.h */ = {isa = PBXFileReference; lastKnownFileType = sourcecode.c.h; name = AppDelegate.h; path = QuickKYC/AppDelegate.h; sourceTree = "<group>"; };
		EFF132AD1C0952A1004325E7 /* AppDelegate.m */ = {isa = PBXFileReference; lastKnownFileType = sourcecode.c.objc; name = AppDelegate.m; path = QuickKYC/AppDelegate.m; sourceTree = "<group>"; };
		EFF132AF1C0952A1004325E7 /* ViewController.h */ = {isa = PBXFileReference; lastKnownFileType = sourcecode.c.h; path = ViewController.h; sourceTree = "<group>"; };
		EFF132B01C0952A1004325E7 /* ViewController.m */ = {isa = PBXFileReference; lastKnownFileType = sourcecode.c.objc; path = ViewController.m; sourceTree = "<group>"; };
		EFF132B31C0952A1004325E7 /* Base */ = {isa = PBXFileReference; lastKnownFileType = file.storyboard; name = Base; path = Base.lproj/Main.storyboard; sourceTree = "<group>"; };
		EFF132B51C0952A1004325E7 /* Assets.xcassets */ = {isa = PBXFileReference; lastKnownFileType = folder.assetcatalog; path = Assets.xcassets; sourceTree = "<group>"; };
		EFF132B81C0952A1004325E7 /* Base */ = {isa = PBXFileReference; lastKnownFileType = file.storyboard; name = Base; path = Base.lproj/LaunchScreen.storyboard; sourceTree = "<group>"; };
		EFF132BA1C0952A1004325E7 /* Info.plist */ = {isa = PBXFileReference; lastKnownFileType = text.plist.xml; path = Info.plist; sourceTree = "<group>"; };
		EFF132D21C098789004325E7 /* QRCameraSwitchButton.h */ = {isa = PBXFileReference; fileEncoding = 4; lastKnownFileType = sourcecode.c.h; path = QRCameraSwitchButton.h; sourceTree = "<group>"; };
		EFF132D31C098789004325E7 /* QRCameraSwitchButton.m */ = {isa = PBXFileReference; fileEncoding = 4; lastKnownFileType = sourcecode.c.objc; path = QRCameraSwitchButton.m; sourceTree = "<group>"; };
		EFF132D41C098789004325E7 /* QRCodeReader.h */ = {isa = PBXFileReference; fileEncoding = 4; lastKnownFileType = sourcecode.c.h; path = QRCodeReader.h; sourceTree = "<group>"; };
		EFF132D51C098789004325E7 /* QRCodeReader.m */ = {isa = PBXFileReference; fileEncoding = 4; lastKnownFileType = sourcecode.c.objc; path = QRCodeReader.m; sourceTree = "<group>"; };
		EFF132D61C098789004325E7 /* QRCodeReaderDelegate.h */ = {isa = PBXFileReference; fileEncoding = 4; lastKnownFileType = sourcecode.c.h; path = QRCodeReaderDelegate.h; sourceTree = "<group>"; };
		EFF132D71C098789004325E7 /* QRCodeReaderView.h */ = {isa = PBXFileReference; fileEncoding = 4; lastKnownFileType = sourcecode.c.h; path = QRCodeReaderView.h; sourceTree = "<group>"; };
		EFF132D81C098789004325E7 /* QRCodeReaderView.m */ = {isa = PBXFileReference; fileEncoding = 4; lastKnownFileType = sourcecode.c.objc; path = QRCodeReaderView.m; sourceTree = "<group>"; };
		EFF132D91C098789004325E7 /* QRCodeReaderViewController.h */ = {isa = PBXFileReference; fileEncoding = 4; lastKnownFileType = sourcecode.c.h; path = QRCodeReaderViewController.h; sourceTree = "<group>"; };
		EFF132DA1C098789004325E7 /* QRCodeReaderViewController.m */ = {isa = PBXFileReference; fileEncoding = 4; lastKnownFileType = sourcecode.c.objc; path = QRCodeReaderViewController.m; sourceTree = "<group>"; };
		EFF132DB1C098789004325E7 /* QRToggleTorchButton.h */ = {isa = PBXFileReference; fileEncoding = 4; lastKnownFileType = sourcecode.c.h; path = QRToggleTorchButton.h; sourceTree = "<group>"; };
		EFF132DC1C098789004325E7 /* QRToggleTorchButton.m */ = {isa = PBXFileReference; fileEncoding = 4; lastKnownFileType = sourcecode.c.objc; path = QRToggleTorchButton.m; sourceTree = "<group>"; };
		EFF132E21C0987B6004325E7 /* Profiles.plist */ = {isa = PBXFileReference; fileEncoding = 4; lastKnownFileType = text.plist.xml; path = Profiles.plist; sourceTree = "<group>"; };
		EFF132E41C0998EC004325E7 /* CategoryViewController.h */ = {isa = PBXFileReference; fileEncoding = 4; lastKnownFileType = sourcecode.c.h; path = CategoryViewController.h; sourceTree = "<group>"; };
		EFF132E51C0998EC004325E7 /* CategoryViewController.m */ = {isa = PBXFileReference; fileEncoding = 4; lastKnownFileType = sourcecode.c.objc; path = CategoryViewController.m; sourceTree = "<group>"; };
		EFF132E71C099E0E004325E7 /* SwitchTableCell.h */ = {isa = PBXFileReference; fileEncoding = 4; lastKnownFileType = sourcecode.c.h; path = SwitchTableCell.h; sourceTree = "<group>"; };
		EFF132E81C099E0E004325E7 /* SwitchTableCell.m */ = {isa = PBXFileReference; fileEncoding = 4; lastKnownFileType = sourcecode.c.objc; path = SwitchTableCell.m; sourceTree = "<group>"; };
		EFF132EA1C09A1B6004325E7 /* AllFields.plist_old */ = {isa = PBXFileReference; fileEncoding = 4; lastKnownFileType = text.xml; path = AllFields.plist_old; sourceTree = "<group>"; };
		EFF132EC1C09B700004325E7 /* AllFields.h */ = {isa = PBXFileReference; fileEncoding = 4; lastKnownFileType = sourcecode.c.h; path = AllFields.h; sourceTree = "<group>"; };
		EFF132ED1C09B700004325E7 /* AllFields.m */ = {isa = PBXFileReference; fileEncoding = 4; lastKnownFileType = sourcecode.c.objc; path = AllFields.m; sourceTree = "<group>"; };
		EFF132F31C09DE87004325E7 /* FormViewController.h */ = {isa = PBXFileReference; fileEncoding = 4; lastKnownFileType = sourcecode.c.h; path = FormViewController.h; sourceTree = "<group>"; };
		EFF132F41C09DE87004325E7 /* FormViewController.m */ = {isa = PBXFileReference; fileEncoding = 4; lastKnownFileType = sourcecode.c.objc; path = FormViewController.m; sourceTree = "<group>"; };
		EFF132F61C09E3F1004325E7 /* Profiles.h */ = {isa = PBXFileReference; fileEncoding = 4; lastKnownFileType = sourcecode.c.h; path = Profiles.h; sourceTree = "<group>"; };
		EFF132F71C09E3F1004325E7 /* Profiles.m */ = {isa = PBXFileReference; fileEncoding = 4; lastKnownFileType = sourcecode.c.objc; path = Profiles.m; sourceTree = "<group>"; };
		EFF132F91C09EAFB004325E7 /* TextTableCell.h */ = {isa = PBXFileReference; fileEncoding = 4; lastKnownFileType = sourcecode.c.h; path = TextTableCell.h; sourceTree = "<group>"; };
		EFF132FA1C09EAFB004325E7 /* TextTableCell.m */ = {isa = PBXFileReference; fileEncoding = 4; lastKnownFileType = sourcecode.c.objc; path = TextTableCell.m; sourceTree = "<group>"; };
		EFF132FC1C09EB24004325E7 /* DropDownCell.h */ = {isa = PBXFileReference; fileEncoding = 4; lastKnownFileType = sourcecode.c.h; path = DropDownCell.h; sourceTree = "<group>"; };
		EFF132FD1C09EB24004325E7 /* DropDownCell.m */ = {isa = PBXFileReference; fileEncoding = 4; lastKnownFileType = sourcecode.c.objc; path = DropDownCell.m; sourceTree = "<group>"; };
		EFF132FF1C09EBF8004325E7 /* Constants.h */ = {isa = PBXFileReference; lastKnownFileType = sourcecode.c.h; path = Constants.h; sourceTree = "<group>"; };
		EFF133001C09EC62004325E7 /* QKViewController.h */ = {isa = PBXFileReference; fileEncoding = 4; lastKnownFileType = sourcecode.c.h; path = QKViewController.h; sourceTree = "<group>"; };
		EFF133011C09EC62004325E7 /* QKViewController.m */ = {isa = PBXFileReference; fileEncoding = 4; lastKnownFileType = sourcecode.c.objc; path = QKViewController.m; sourceTree = "<group>"; };
		EFF133031C09F07E004325E7 /* CustomCell.h */ = {isa = PBXFileReference; fileEncoding = 4; lastKnownFileType = sourcecode.c.h; path = CustomCell.h; sourceTree = "<group>"; };
		EFF133041C09F07E004325E7 /* CustomCell.m */ = {isa = PBXFileReference; fileEncoding = 4; lastKnownFileType = sourcecode.c.objc; path = CustomCell.m; sourceTree = "<group>"; };
		EFF133081C0A25B3004325E7 /* TableView.h */ = {isa = PBXFileReference; fileEncoding = 4; lastKnownFileType = sourcecode.c.h; path = TableView.h; sourceTree = "<group>"; };
		EFF133091C0A25B3004325E7 /* TableView.m */ = {isa = PBXFileReference; fileEncoding = 4; lastKnownFileType = sourcecode.c.objc; path = TableView.m; sourceTree = "<group>"; };
		EFF1330B1C0A2A1A004325E7 /* KLCPopup.h */ = {isa = PBXFileReference; fileEncoding = 4; lastKnownFileType = sourcecode.c.h; path = KLCPopup.h; sourceTree = "<group>"; };
		EFF1330C1C0A2A1A004325E7 /* KLCPopup.m */ = {isa = PBXFileReference; fileEncoding = 4; lastKnownFileType = sourcecode.c.objc; path = KLCPopup.m; sourceTree = "<group>"; };
		EFF1330F1C0A8CED004325E7 /* AllFields.plist */ = {isa = PBXFileReference; fileEncoding = 4; lastKnownFileType = text.plist.xml; path = AllFields.plist; sourceTree = "<group>"; };
		EFF133111C0A9F41004325E7 /* Request.h */ = {isa = PBXFileReference; fileEncoding = 4; lastKnownFileType = sourcecode.c.h; path = Request.h; sourceTree = "<group>"; };
		EFF133121C0A9F41004325E7 /* Request.m */ = {isa = PBXFileReference; fileEncoding = 4; lastKnownFileType = sourcecode.c.objc; path = Request.m; sourceTree = "<group>"; };
/* End PBXFileReference section */

/* Begin PBXFrameworksBuildPhase section */
		EFF132A31C0952A1004325E7 /* Frameworks */ = {
			isa = PBXFrameworksBuildPhase;
			buildActionMask = 2147483647;
			files = (
			);
			runOnlyForDeploymentPostprocessing = 0;
		};
/* End PBXFrameworksBuildPhase section */

/* Begin PBXGroup section */
		EFF1329D1C0952A1004325E7 = {
			isa = PBXGroup;
			children = (
				EFF132AC1C0952A1004325E7 /* AppDelegate.h */,
				EFF132AD1C0952A1004325E7 /* AppDelegate.m */,
				EFF132D11C098739004325E7 /* QRReaderLib */,
				EFF132A81C0952A1004325E7 /* QuickKYC */,
				EFF132A71C0952A1004325E7 /* Products */,
			);
			sourceTree = "<group>";
		};
		EFF132A71C0952A1004325E7 /* Products */ = {
			isa = PBXGroup;
			children = (
				EFF132A61C0952A1004325E7 /* QuickKYC.app */,
			);
			name = Products;
			sourceTree = "<group>";
		};
		EFF132A81C0952A1004325E7 /* QuickKYC */ = {
			isa = PBXGroup;
			children = (
				EFF133141C0A9F4C004325E7 /* Utilities */,
				EFF1330E1C0A2A23004325E7 /* Popup */,
				EFF133071C0A189E004325E7 /* Plist */,
				EFF133061C0A1863004325E7 /* CustomCells */,
				EFF132AF1C0952A1004325E7 /* ViewController.h */,
				EFF132B01C0952A1004325E7 /* ViewController.m */,
				EFF133081C0A25B3004325E7 /* TableView.h */,
				EFF133091C0A25B3004325E7 /* TableView.m */,
				EFF132E41C0998EC004325E7 /* CategoryViewController.h */,
				EFF132E51C0998EC004325E7 /* CategoryViewController.m */,
				EFF132F31C09DE87004325E7 /* FormViewController.h */,
				EFF132F41C09DE87004325E7 /* FormViewController.m */,
				EFF133001C09EC62004325E7 /* QKViewController.h */,
				EFF133011C09EC62004325E7 /* QKViewController.m */,
				EFF132B21C0952A1004325E7 /* Main.storyboard */,
				EFF132B51C0952A1004325E7 /* Assets.xcassets */,
				EFF132B71C0952A1004325E7 /* LaunchScreen.storyboard */,
				EFF132BA1C0952A1004325E7 /* Info.plist */,
				EFF132A91C0952A1004325E7 /* Supporting Files */,
				EFF132FF1C09EBF8004325E7 /* Constants.h */,
			);
			path = QuickKYC;
			sourceTree = "<group>";
		};
		EFF132A91C0952A1004325E7 /* Supporting Files */ = {
			isa = PBXGroup;
			children = (
				EFF132AA1C0952A1004325E7 /* main.m */,
			);
			name = "Supporting Files";
			sourceTree = "<group>";
		};
		EFF132D11C098739004325E7 /* QRReaderLib */ = {
			isa = PBXGroup;
			children = (
				EFF132D21C098789004325E7 /* QRCameraSwitchButton.h */,
				EFF132D31C098789004325E7 /* QRCameraSwitchButton.m */,
				EFF132D41C098789004325E7 /* QRCodeReader.h */,
				EFF132D51C098789004325E7 /* QRCodeReader.m */,
				EFF132D61C098789004325E7 /* QRCodeReaderDelegate.h */,
				EFF132D71C098789004325E7 /* QRCodeReaderView.h */,
				EFF132D81C098789004325E7 /* QRCodeReaderView.m */,
				EFF132D91C098789004325E7 /* QRCodeReaderViewController.h */,
				EFF132DA1C098789004325E7 /* QRCodeReaderViewController.m */,
				EFF132DB1C098789004325E7 /* QRToggleTorchButton.h */,
				EFF132DC1C098789004325E7 /* QRToggleTorchButton.m */,
			);
			name = QRReaderLib;
			path = QuickKYC;
			sourceTree = "<group>";
		};
		EFF133061C0A1863004325E7 /* CustomCells */ = {
			isa = PBXGroup;
			children = (
				EFF133031C09F07E004325E7 /* CustomCell.h */,
				EFF133041C09F07E004325E7 /* CustomCell.m */,
				EFF132E71C099E0E004325E7 /* SwitchTableCell.h */,
				EFF132E81C099E0E004325E7 /* SwitchTableCell.m */,
				EFF132F91C09EAFB004325E7 /* TextTableCell.h */,
				EFF132FC1C09EB24004325E7 /* DropDownCell.h */,
				EFF132FA1C09EAFB004325E7 /* TextTableCell.m */,
				EFF132FD1C09EB24004325E7 /* DropDownCell.m */,
			);
			name = CustomCells;
			sourceTree = "<group>";
		};
		EFF133071C0A189E004325E7 /* Plist */ = {
			isa = PBXGroup;
			children = (
				EFF132EC1C09B700004325E7 /* AllFields.h */,
				EFF132ED1C09B700004325E7 /* AllFields.m */,
				EFF132F61C09E3F1004325E7 /* Profiles.h */,
				EFF132F71C09E3F1004325E7 /* Profiles.m */,
				EFF132E21C0987B6004325E7 /* Profiles.plist */,
				EFF132EA1C09A1B6004325E7 /* AllFields.plist_old */,
				EFF1330F1C0A8CED004325E7 /* AllFields.plist */,
			);
			name = Plist;
			sourceTree = "<group>";
		};
		EFF1330E1C0A2A23004325E7 /* Popup */ = {
			isa = PBXGroup;
			children = (
				EFF1330B1C0A2A1A004325E7 /* KLCPopup.h */,
				EFF1330C1C0A2A1A004325E7 /* KLCPopup.m */,
			);
			name = Popup;
			sourceTree = "<group>";
		};
		EFF133141C0A9F4C004325E7 /* Utilities */ = {
			isa = PBXGroup;
			children = (
				EFF133111C0A9F41004325E7 /* Request.h */,
				EFF133121C0A9F41004325E7 /* Request.m */,
			);
			name = Utilities;
			sourceTree = "<group>";
		};
/* End PBXGroup section */

/* Begin PBXNativeTarget section */
		EFF132A51C0952A1004325E7 /* QuickKYC */ = {
			isa = PBXNativeTarget;
			buildConfigurationList = EFF132BD1C0952A1004325E7 /* Build configuration list for PBXNativeTarget "QuickKYC" */;
			buildPhases = (
				EFF132A21C0952A1004325E7 /* Sources */,
				EFF132A31C0952A1004325E7 /* Frameworks */,
				EFF132A41C0952A1004325E7 /* Resources */,
			);
			buildRules = (
			);
			dependencies = (
			);
			name = QuickKYC;
			productName = QuickKYC;
			productReference = EFF132A61C0952A1004325E7 /* QuickKYC.app */;
			productType = "com.apple.product-type.application";
		};
/* End PBXNativeTarget section */

/* Begin PBXProject section */
		EFF1329E1C0952A1004325E7 /* Project object */ = {
			isa = PBXProject;
			attributes = {
				LastUpgradeCheck = 0710;
				ORGANIZATIONNAME = "Teligenz Tech Solutions";
				TargetAttributes = {
					EFF132A51C0952A1004325E7 = {
						CreatedOnToolsVersion = 7.1.1;
					};
				};
			};
			buildConfigurationList = EFF132A11C0952A1004325E7 /* Build configuration list for PBXProject "QuickKYC" */;
			compatibilityVersion = "Xcode 3.2";
			developmentRegion = English;
			hasScannedForEncodings = 0;
			knownRegions = (
				en,
				Base,
			);
			mainGroup = EFF1329D1C0952A1004325E7;
			productRefGroup = EFF132A71C0952A1004325E7 /* Products */;
			projectDirPath = "";
			projectRoot = "";
			targets = (
				EFF132A51C0952A1004325E7 /* QuickKYC */,
			);
		};
/* End PBXProject section */

/* Begin PBXResourcesBuildPhase section */
		EFF132A41C0952A1004325E7 /* Resources */ = {
			isa = PBXResourcesBuildPhase;
			buildActionMask = 2147483647;
			files = (
				EFF132E31C0987B6004325E7 /* Profiles.plist in Resources */,
				EFF132B91C0952A1004325E7 /* LaunchScreen.storyboard in Resources */,
				EFF133101C0A8CED004325E7 /* AllFields.plist in Resources */,
				EFF132EB1C09A1B6004325E7 /* AllFields.plist_old in Resources */,
				EFF132B61C0952A1004325E7 /* Assets.xcassets in Resources */,
				EFF132B41C0952A1004325E7 /* Main.storyboard in Resources */,
			);
			runOnlyForDeploymentPostprocessing = 0;
		};
/* End PBXResourcesBuildPhase section */

/* Begin PBXSourcesBuildPhase section */
		EFF132A21C0952A1004325E7 /* Sources */ = {
			isa = PBXSourcesBuildPhase;
			buildActionMask = 2147483647;
			files = (
				EFF132E01C098789004325E7 /* QRCodeReaderViewController.m in Sources */,
				EFF133131C0A9F41004325E7 /* Request.m in Sources */,
				EFF132E11C098789004325E7 /* QRToggleTorchButton.m in Sources */,
				EFF132B11C0952A1004325E7 /* ViewController.m in Sources */,
				EFF132F81C09E3F1004325E7 /* Profiles.m in Sources */,
				EFF132DE1C098789004325E7 /* QRCodeReader.m in Sources */,
				EFF132E91C099E0E004325E7 /* SwitchTableCell.m in Sources */,
				EFF132E61C0998EC004325E7 /* CategoryViewController.m in Sources */,
				EFF132F51C09DE87004325E7 /* FormViewController.m in Sources */,
				EFF133021C09EC62004325E7 /* QKViewController.m in Sources */,
				EFF1330A1C0A25B3004325E7 /* TableView.m in Sources */,
				EFF132AE1C0952A1004325E7 /* AppDelegate.m in Sources */,
				EFF132DF1C098789004325E7 /* QRCodeReaderView.m in Sources */,
				EFF132FE1C09EB24004325E7 /* DropDownCell.m in Sources */,
				EFF132AB1C0952A1004325E7 /* main.m in Sources */,
				EFF133051C09F07E004325E7 /* CustomCell.m in Sources */,
				EFF132FB1C09EAFB004325E7 /* TextTableCell.m in Sources */,
				EFF132DD1C098789004325E7 /* QRCameraSwitchButton.m in Sources */,
				EFF1330D1C0A2A1A004325E7 /* KLCPopup.m in Sources */,
				EFF132EE1C09B700004325E7 /* AllFields.m in Sources */,
			);
			runOnlyForDeploymentPostprocessing = 0;
		};
/* End PBXSourcesBuildPhase section */

/* Begin PBXVariantGroup section */
		EFF132B21C0952A1004325E7 /* Main.storyboard */ = {
			isa = PBXVariantGroup;
			children = (
				EFF132B31C0952A1004325E7 /* Base */,
			);
			name = Main.storyboard;
			sourceTree = "<group>";
		};
		EFF132B71C0952A1004325E7 /* LaunchScreen.storyboard */ = {
			isa = PBXVariantGroup;
			children = (
				EFF132B81C0952A1004325E7 /* Base */,
			);
			name = LaunchScreen.storyboard;
			sourceTree = "<group>";
		};
/* End PBXVariantGroup section */

/* Begin XCBuildConfiguration section */
		EFF132BB1C0952A1004325E7 /* Debug */ = {
			isa = XCBuildConfiguration;
			buildSettings = {
				ALWAYS_SEARCH_USER_PATHS = NO;
				CLANG_CXX_LANGUAGE_STANDARD = "gnu++0x";
				CLANG_CXX_LIBRARY = "libc++";
				CLANG_ENABLE_MODULES = YES;
				CLANG_ENABLE_OBJC_ARC = YES;
				CLANG_WARN_BOOL_CONVERSION = YES;
				CLANG_WARN_CONSTANT_CONVERSION = YES;
				CLANG_WARN_DIRECT_OBJC_ISA_USAGE = YES_ERROR;
				CLANG_WARN_EMPTY_BODY = YES;
				CLANG_WARN_ENUM_CONVERSION = YES;
				CLANG_WARN_INT_CONVERSION = YES;
				CLANG_WARN_OBJC_ROOT_CLASS = YES_ERROR;
				CLANG_WARN_UNREACHABLE_CODE = YES;
				CLANG_WARN__DUPLICATE_METHOD_MATCH = YES;
				"CODE_SIGN_IDENTITY[sdk=iphoneos*]" = "iPhone Developer";
				COPY_PHASE_STRIP = NO;
				DEBUG_INFORMATION_FORMAT = dwarf;
				ENABLE_STRICT_OBJC_MSGSEND = YES;
				ENABLE_TESTABILITY = YES;
				GCC_C_LANGUAGE_STANDARD = gnu99;
				GCC_DYNAMIC_NO_PIC = NO;
				GCC_NO_COMMON_BLOCKS = YES;
				GCC_OPTIMIZATION_LEVEL = 0;
				GCC_PREPROCESSOR_DEFINITIONS = (
					"DEBUG=1",
					"$(inherited)",
				);
				GCC_WARN_64_TO_32_BIT_CONVERSION = YES;
				GCC_WARN_ABOUT_RETURN_TYPE = YES_ERROR;
				GCC_WARN_UNDECLARED_SELECTOR = YES;
				GCC_WARN_UNINITIALIZED_AUTOS = YES_AGGRESSIVE;
				GCC_WARN_UNUSED_FUNCTION = YES;
				GCC_WARN_UNUSED_VARIABLE = YES;
				IPHONEOS_DEPLOYMENT_TARGET = 9.1;
				MTL_ENABLE_DEBUG_INFO = YES;
				ONLY_ACTIVE_ARCH = YES;
				SDKROOT = iphoneos;
			};
			name = Debug;
		};
		EFF132BC1C0952A1004325E7 /* Release */ = {
			isa = XCBuildConfiguration;
			buildSettings = {
				ALWAYS_SEARCH_USER_PATHS = NO;
				CLANG_CXX_LANGUAGE_STANDARD = "gnu++0x";
				CLANG_CXX_LIBRARY = "libc++";
				CLANG_ENABLE_MODULES = YES;
				CLANG_ENABLE_OBJC_ARC = YES;
				CLANG_WARN_BOOL_CONVERSION = YES;
				CLANG_WARN_CONSTANT_CONVERSION = YES;
				CLANG_WARN_DIRECT_OBJC_ISA_USAGE = YES_ERROR;
				CLANG_WARN_EMPTY_BODY = YES;
				CLANG_WARN_ENUM_CONVERSION = YES;
				CLANG_WARN_INT_CONVERSION = YES;
				CLANG_WARN_OBJC_ROOT_CLASS = YES_ERROR;
				CLANG_WARN_UNREACHABLE_CODE = YES;
				CLANG_WARN__DUPLICATE_METHOD_MATCH = YES;
				"CODE_SIGN_IDENTITY[sdk=iphoneos*]" = "iPhone Developer";
				COPY_PHASE_STRIP = NO;
				DEBUG_INFORMATION_FORMAT = "dwarf-with-dsym";
				ENABLE_NS_ASSERTIONS = NO;
				ENABLE_STRICT_OBJC_MSGSEND = YES;
				GCC_C_LANGUAGE_STANDARD = gnu99;
				GCC_NO_COMMON_BLOCKS = YES;
				GCC_WARN_64_TO_32_BIT_CONVERSION = YES;
				GCC_WARN_ABOUT_RETURN_TYPE = YES_ERROR;
				GCC_WARN_UNDECLARED_SELECTOR = YES;
				GCC_WARN_UNINITIALIZED_AUTOS = YES_AGGRESSIVE;
				GCC_WARN_UNUSED_FUNCTION = YES;
				GCC_WARN_UNUSED_VARIABLE = YES;
				IPHONEOS_DEPLOYMENT_TARGET = 9.1;
				MTL_ENABLE_DEBUG_INFO = NO;
				SDKROOT = iphoneos;
				VALIDATE_PRODUCT = YES;
			};
			name = Release;
		};
		EFF132BE1C0952A1004325E7 /* Debug */ = {
			isa = XCBuildConfiguration;
			buildSettings = {
				ASSETCATALOG_COMPILER_APPICON_NAME = AppIcon;
				INFOPLIST_FILE = QuickKYC/Info.plist;
				IPHONEOS_DEPLOYMENT_TARGET = 8.1;
				LD_RUNPATH_SEARCH_PATHS = "$(inherited) @executable_path/Frameworks";
				PRODUCT_BUNDLE_IDENTIFIER = tts.ios.QuickKYC;
				PRODUCT_NAME = "$(TARGET_NAME)";
			};
			name = Debug;
		};
		EFF132BF1C0952A1004325E7 /* Release */ = {
			isa = XCBuildConfiguration;
			buildSettings = {
				ASSETCATALOG_COMPILER_APPICON_NAME = AppIcon;
				INFOPLIST_FILE = QuickKYC/Info.plist;
				IPHONEOS_DEPLOYMENT_TARGET = 8.1;
				LD_RUNPATH_SEARCH_PATHS = "$(inherited) @executable_path/Frameworks";
				PRODUCT_BUNDLE_IDENTIFIER = tts.ios.QuickKYC;
				PRODUCT_NAME = "$(TARGET_NAME)";
			};
			name = Release;
		};
/* End XCBuildConfiguration section */

/* Begin XCConfigurationList section */
		EFF132A11C0952A1004325E7 /* Build configuration list for PBXProject "QuickKYC" */ = {
			isa = XCConfigurationList;
			buildConfigurations = (
				EFF132BB1C0952A1004325E7 /* Debug */,
				EFF132BC1C0952A1004325E7 /* Release */,
			);
			defaultConfigurationIsVisible = 0;
			defaultConfigurationName = Release;
		};
		EFF132BD1C0952A1004325E7 /* Build configuration list for PBXNativeTarget "QuickKYC" */ = {
			isa = XCConfigurationList;
			buildConfigurations = (
				EFF132BE1C0952A1004325E7 /* Debug */,
				EFF132BF1C0952A1004325E7 /* Release */,
			);
			defaultConfigurationIsVisible = 0;
			defaultConfigurationName = Release;
		};
/* End XCConfigurationList section */
	};
	rootObject = EFF1329E1C0952A1004325E7 /* Project object */;
}
